
Microsoft Visual Studio Solution File, Format Version 12.00
# Visual Studio 15
VisualStudioVersion = 15.0.28307.852
MinimumVisualStudioVersion = 10.0.40219.1
Project("{FAE04EC0-301F-11D3-BF4B-00C04F79EFBC}") = "Gestion_Absences.Android", "Gestion_Absences\Gestion_Absences.Android\Gestion_Absences.Android.csproj", "{4BA805F9-34DC-47B5-BAA7-E2A9A56209CC}"
EndProject
Project("{FAE04EC0-301F-11D3-BF4B-00C04F79EFBC}") = "Gestion_Absences.iOS", "Gestion_Absences\Gestion_Absences.iOS\Gestion_Absences.iOS.csproj", "{D0B9F6A6-617E-4A29-B5AC-0BA86BF0810F}"
EndProject
Project("{FAE04EC0-301F-11D3-BF4B-00C04F79EFBC}") = "Gestion_Absences", "Gestion_Absences\Gestion_Absences\Gestion_Absences.csproj", "{7C6CE641-479A-40FE-A8E6-6D7D829C3F1A}"
EndProject
Global
	GlobalSection(SolutionConfigurationPlatforms) = preSolution
		Ad-Hoc|Any CPU = Ad-Hoc|Any CPU
		Ad-Hoc|iPhone = Ad-Hoc|iPhone
		Ad-Hoc|iPhoneSimulator = Ad-Hoc|iPhoneSimulator
		AppStore|Any CPU = AppStore|Any CPU
		AppStore|iPhone = AppStore|iPhone
		AppStore|iPhoneSimulator = AppStore|iPhoneSimulator
		Debug|Any CPU = Debug|Any CPU
		Debug|iPhone = Debug|iPhone
		Debug|iPhoneSimulator = Debug|iPhoneSimulator
		Release|Any CPU = Release|Any CPU
		Release|iPhone = Release|iPhone
		Release|iPhoneSimulator = Release|iPhoneSimulator
	EndGlobalSection
	GlobalSection(ProjectConfigurationPlatforms) = postSolution
		{4BA805F9-34DC-47B5-BAA7-E2A9A56209CC}.Ad-Hoc|Any CPU.ActiveCfg = Release|Any CPU
		{4BA805F9-34DC-47B5-BAA7-E2A9A56209CC}.Ad-Hoc|Any CPU.Build.0 = Release|Any CPU
		{4BA805F9-34DC-47B5-BAA7-E2A9A56209CC}.Ad-Hoc|Any CPU.Deploy.0 = Release|Any CPU
		{4BA805F9-34DC-47B5-BAA7-E2A9A56209CC}.Ad-Hoc|iPhone.ActiveCfg = Release|Any CPU
		{4BA805F9-34DC-47B5-BAA7-E2A9A56209CC}.Ad-Hoc|iPhone.Build.0 = Release|Any CPU
		{4BA805F9-34DC-47B5-BAA7-E2A9A56209CC}.Ad-Hoc|iPhone.Deploy.0 = Release|Any CPU
		{4BA805F9-34DC-47B5-BAA7-E2A9A56209CC}.Ad-Hoc|iPhoneSimulator.ActiveCfg = Release|Any CPU
		{4BA805F9-34DC-47B5-BAA7-E2A9A56209CC}.Ad-Hoc|iPhoneSimulator.Build.0 = Release|Any CPU
		{4BA805F9-34DC-47B5-BAA7-E2A9A56209CC}.Ad-Hoc|iPhoneSimulator.Deploy.0 = Release|Any CPU
		{4BA805F9-34DC-47B5-BAA7-E2A9A56209CC}.AppStore|Any CPU.ActiveCfg = Release|Any CPU
		{4BA805F9-34DC-47B5-BAA7-E2A9A56209CC}.AppStore|Any CPU.Build.0 = Release|Any CPU
		{4BA805F9-34DC-47B5-BAA7-E2A9A56209CC}.AppStore|Any CPU.Deploy.0 = Release|Any CPU
		{4BA805F9-34DC-47B5-BAA7-E2A9A56209CC}.AppStore|iPhone.ActiveCfg = Release|Any CPU
		{4BA805F9-34DC-47B5-BAA7-E2A9A56209CC}.AppStore|iPhone.Build.0 = Release|Any CPU
		{4BA805F9-34DC-47B5-BAA7-E2A9A56209CC}.AppStore|iPhone.Deploy.0 = Release|Any CPU
		{4BA805F9-34DC-47B5-BAA7-E2A9A56209CC}.AppStore|iPhoneSimulator.ActiveCfg = Release|Any CPU
		{4BA805F9-34DC-47B5-BAA7-E2A9A56209CC}.AppStore|iPhoneSimulator.Build.0 = Release|Any CPU
		{4BA805F9-34DC-47B5-BAA7-E2A9A56209CC}.AppStore|iPhoneSimulator.Deploy.0 = Release|Any CPU
		{4BA805F9-34DC-47B5-BAA7-E2A9A56209CC}.Debug|Any CPU.ActiveCfg = Debug|Any CPU
		{4BA805F9-34DC-47B5-BAA7-E2A9A56209CC}.Debug|Any CPU.Build.0 = Debug|Any CPU
		{4BA805F9-34DC-47B5-BAA7-E2A9A56209CC}.Debug|Any CPU.Deploy.0 = Debug|Any CPU
		{4BA805F9-34DC-47B5-BAA7-E2A9A56209CC}.Debug|iPhone.ActiveCfg = Debug|Any CPU
		{4BA805F9-34DC-47B5-BAA7-E2A9A56209CC}.Debug|iPhone.Build.0 = Debug|Any CPU
		{4BA805F9-34DC-47B5-BAA7-E2A9A56209CC}.Debug|iPhone.Deploy.0 = Debug|Any CPU
		{4BA805F9-34DC-47B5-BAA7-E2A9A56209CC}.Debug|iPhoneSimulator.ActiveCfg = Debug|Any CPU
		{4BA805F9-34DC-47B5-BAA7-E2A9A56209CC}.Debug|iPhoneSimulator.Build.0 = Debug|Any CPU
		{4BA805F9-34DC-47B5-BAA7-E2A9A56209CC}.Debug|iPhoneSimulator.Deploy.0 = Debug|Any CPU
		{4BA805F9-34DC-47B5-BAA7-E2A9A56209CC}.Release|Any CPU.ActiveCfg = Release|Any CPU
		{4BA805F9-34DC-47B5-BAA7-E2A9A56209CC}.Release|Any CPU.Build.0 = Release|Any CPU
		{4BA805F9-34DC-47B5-BAA7-E2A9A56209CC}.Release|Any CPU.Deploy.0 = Release|Any CPU
		{4BA805F9-34DC-47B5-BAA7-E2A9A56209CC}.Release|iPhone.ActiveCfg = Release|Any CPU
		{4BA805F9-34DC-47B5-BAA7-E2A9A56209CC}.Release|iPhone.Build.0 = Release|Any CPU
		{4BA805F9-34DC-47B5-BAA7-E2A9A56209CC}.Release|iPhone.Deploy.0 = Release|Any CPU
		{4BA805F9-34DC-47B5-BAA7-E2A9A56209CC}.Release|iPhoneSimulator.ActiveCfg = Release|Any CPU
		{4BA805F9-34DC-47B5-BAA7-E2A9A56209CC}.Release|iPhoneSimulator.Build.0 = Release|Any CPU
		{4BA805F9-34DC-47B5-BAA7-E2A9A56209CC}.Release|iPhoneSimulator.Deploy.0 = Release|Any CPU
		{D0B9F6A6-617E-4A29-B5AC-0BA86BF0810F}.Ad-Hoc|Any CPU.ActiveCfg = Ad-Hoc|iPhone
		{D0B9F6A6-617E-4A29-B5AC-0BA86BF0810F}.Ad-Hoc|Any CPU.Build.0 = Ad-Hoc|iPhone
		{D0B9F6A6-617E-4A29-B5AC-0BA86BF0810F}.Ad-Hoc|Any CPU.Deploy.0 = Ad-Hoc|iPhone
		{D0B9F6A6-617E-4A29-B5AC-0BA86BF0810F}.Ad-Hoc|iPhone.ActiveCfg = Ad-Hoc|iPhone
		{D0B9F6A6-617E-4A29-B5AC-0BA86BF0810F}.Ad-Hoc|iPhone.Build.0 = Ad-Hoc|iPhone
		{D0B9F6A6-617E-4A29-B5AC-0BA86BF0810F}.Ad-Hoc|iPhone.Deploy.0 = Ad-Hoc|iPhone
		{D0B9F6A6-617E-4A29-B5AC-0BA86BF0810F}.Ad-Hoc|iPhoneSimulator.ActiveCfg = Ad-Hoc|iPhoneSimulator
		{D0B9F6A6-617E-4A29-B5AC-0BA86BF0810F}.Ad-Hoc|iPhoneSimulator.Build.0 = Ad-Hoc|iPhoneSimulator
		{D0B9F6A6-617E-4A29-B5AC-0BA86BF0810F}.Ad-Hoc|iPhoneSimulator.Deploy.0 = Ad-Hoc|iPhoneSimulator
		{D0B9F6A6-617E-4A29-B5AC-0BA86BF0810F}.AppStore|Any CPU.ActiveCfg = AppStore|iPhone
		{D0B9F6A6-617E-4A29-B5AC-0BA86BF0810F}.AppStore|Any CPU.Build.0 = AppStore|iPhone
		{D0B9F6A6-617E-4A29-B5AC-0BA86BF0810F}.AppStore|Any CPU.Deploy.0 = AppStore|iPhone
		{D0B9F6A6-617E-4A29-B5AC-0BA86BF0810F}.AppStore|iPhone.ActiveCfg = AppStore|iPhone
		{D0B9F6A6-617E-4A29-B5AC-0BA86BF0810F}.AppStore|iPhone.Build.0 = AppStore|iPhone
		{D0B9F6A6-617E-4A29-B5AC-0BA86BF0810F}.AppStore|iPhone.Deploy.0 = AppStore|iPhone
		{D0B9F6A6-617E-4A29-B5AC-0BA86BF0810F}.AppStore|iPhoneSimulator.ActiveCfg = AppStore|iPhoneSimulator
		{D0B9F6A6-617E-4A29-B5AC-0BA86BF0810F}.AppStore|iPhoneSimulator.Build.0 = AppStore|iPhoneSimulator
		{D0B9F6A6-617E-4A29-B5AC-0BA86BF0810F}.AppStore|iPhoneSimulator.Deploy.0 = AppStore|iPhoneSimulator
		{D0B9F6A6-617E-4A29-B5AC-0BA86BF0810F}.Debug|Any CPU.ActiveCfg = Debug|iPhoneSimulator
		{D0B9F6A6-617E-4A29-B5AC-0BA86BF0810F}.Debug|Any CPU.Build.0 = Debug|iPhoneSimulator
		{D0B9F6A6-617E-4A29-B5AC-0BA86BF0810F}.Debug|Any CPU.Deploy.0 = Debug|iPhoneSimulator
		{D0B9F6A6-617E-4A29-B5AC-0BA86BF0810F}.Debug|iPhone.ActiveCfg = Debug|iPhone
		{D0B9F6A6-617E-4A29-B5AC-0BA86BF0810F}.Debug|iPhone.Build.0 = Debug|iPhone
		{D0B9F6A6-617E-4A29-B5AC-0BA86BF0810F}.Debug|iPhone.Deploy.0 = Debug|iPhone
		{D0B9F6A6-617E-4A29-B5AC-0BA86BF0810F}.Debug|iPhoneSimulator.ActiveCfg = Debug|iPhoneSimulator
		{D0B9F6A6-617E-4A29-B5AC-0BA86BF0810F}.Debug|iPhoneSimulator.Build.0 = Debug|iPhoneSimulator
		{D0B9F6A6-617E-4A29-B5AC-0BA86BF0810F}.Debug|iPhoneSimulator.Deploy.0 = Debug|iPhoneSimulator
		{D0B9F6A6-617E-4A29-B5AC-0BA86BF0810F}.Release|Any CPU.ActiveCfg = Release|iPhone
		{D0B9F6A6-617E-4A29-B5AC-0BA86BF0810F}.Release|Any CPU.Build.0 = Release|iPhone
		{D0B9F6A6-617E-4A29-B5AC-0BA86BF0810F}.Release|Any CPU.Deploy.0 = Release|iPhone
		{D0B9F6A6-617E-4A29-B5AC-0BA86BF0810F}.Release|iPhone.ActiveCfg = Release|iPhone
		{D0B9F6A6-617E-4A29-B5AC-0BA86BF0810F}.Release|iPhone.Build.0 = Release|iPhone
		{D0B9F6A6-617E-4A29-B5AC-0BA86BF0810F}.Release|iPhone.Deploy.0 = Release|iPhone
		{D0B9F6A6-617E-4A29-B5AC-0BA86BF0810F}.Release|iPhoneSimulator.ActiveCfg = Release|iPhoneSimulator
		{D0B9F6A6-617E-4A29-B5AC-0BA86BF0810F}.Release|iPhoneSimulator.Build.0 = Release|iPhoneSimulator
		{D0B9F6A6-617E-4A29-B5AC-0BA86BF0810F}.Release|iPhoneSimulator.Deploy.0 = Release|iPhoneSimulator
		{7C6CE641-479A-40FE-A8E6-6D7D829C3F1A}.Ad-Hoc|Any CPU.ActiveCfg = Debug|Any CPU
		{7C6CE641-479A-40FE-A8E6-6D7D829C3F1A}.Ad-Hoc|Any CPU.Build.0 = Debug|Any CPU
		{7C6CE641-479A-40FE-A8E6-6D7D829C3F1A}.Ad-Hoc|Any CPU.Deploy.0 = Debug|Any CPU
		{7C6CE641-479A-40FE-A8E6-6D7D829C3F1A}.Ad-Hoc|iPhone.ActiveCfg = Debug|Any CPU
		{7C6CE641-479A-40FE-A8E6-6D7D829C3F1A}.Ad-Hoc|iPhone.Build.0 = Debug|Any CPU
		{7C6CE641-479A-40FE-A8E6-6D7D829C3F1A}.Ad-Hoc|iPhone.Deploy.0 = Debug|Any CPU
		{7C6CE641-479A-40FE-A8E6-6D7D829C3F1A}.Ad-Hoc|iPhoneSimulator.ActiveCfg = Debug|Any CPU
		{7C6CE641-479A-40FE-A8E6-6D7D829C3F1A}.Ad-Hoc|iPhoneSimulator.Build.0 = Debug|Any CPU
		{7C6CE641-479A-40FE-A8E6-6D7D829C3F1A}.Ad-Hoc|iPhoneSimulator.Deploy.0 = Debug|Any CPU
		{7C6CE641-479A-40FE-A8E6-6D7D829C3F1A}.AppStore|Any CPU.ActiveCfg = Debug|Any CPU
		{7C6CE641-479A-40FE-A8E6-6D7D829C3F1A}.AppStore|Any CPU.Build.0 = Debug|Any CPU
		{7C6CE641-479A-40FE-A8E6-6D7D829C3F1A}.AppStore|Any CPU.Deploy.0 = Debug|Any CPU
		{7C6CE641-479A-40FE-A8E6-6D7D829C3F1A}.AppStore|iPhone.ActiveCfg = Debug|Any CPU
		{7C6CE641-479A-40FE-A8E6-6D7D829C3F1A}.AppStore|iPhone.Build.0 = Debug|Any CPU
		{7C6CE641-479A-40FE-A8E6-6D7D829C3F1A}.AppStore|iPhone.Deploy.0 = Debug|Any CPU
		{7C6CE641-479A-40FE-A8E6-6D7D829C3F1A}.AppStore|iPhoneSimulator.ActiveCfg = Debug|Any CPU
		{7C6CE641-479A-40FE-A8E6-6D7D829C3F1A}.AppStore|iPhoneSimulator.Build.0 = Debug|Any CPU
		{7C6CE641-479A-40FE-A8E6-6D7D829C3F1A}.AppStore|iPhoneSimulator.Deploy.0 = Debug|Any CPU
		{7C6CE641-479A-40FE-A8E6-6D7D829C3F1A}.Debug|Any CPU.ActiveCfg = Debug|Any CPU
		{7C6CE641-479A-40FE-A8E6-6D7D829C3F1A}.Debug|Any CPU.Build.0 = Debug|Any CPU
		{7C6CE641-479A-40FE-A8E6-6D7D829C3F1A}.Debug|Any CPU.Deploy.0 = Debug|Any CPU
		{7C6CE641-479A-40FE-A8E6-6D7D829C3F1A}.Debug|iPhone.ActiveCfg = Debug|Any CPU
		{7C6CE641-479A-40FE-A8E6-6D7D829C3F1A}.Debug|iPhone.Build.0 = Debug|Any CPU
		{7C6CE641-479A-40FE-A8E6-6D7D829C3F1A}.Debug|iPhone.Deploy.0 = Debug|Any CPU
		{7C6CE641-479A-40FE-A8E6-6D7D829C3F1A}.Debug|iPhoneSimulator.ActiveCfg = Debug|Any CPU
		{7C6CE641-479A-40FE-A8E6-6D7D829C3F1A}.Debug|iPhoneSimulator.Build.0 = Debug|Any CPU
		{7C6CE641-479A-40FE-A8E6-6D7D829C3F1A}.Debug|iPhoneSimulator.Deploy.0 = Debug|Any CPU
		{7C6CE641-479A-40FE-A8E6-6D7D829C3F1A}.Release|Any CPU.ActiveCfg = Release|Any CPU
		{7C6CE641-479A-40FE-A8E6-6D7D829C3F1A}.Release|Any CPU.Build.0 = Release|Any CPU
		{7C6CE641-479A-40FE-A8E6-6D7D829C3F1A}.Release|Any CPU.Deploy.0 = Release|Any CPU
		{7C6CE641-479A-40FE-A8E6-6D7D829C3F1A}.Release|iPhone.ActiveCfg = Release|Any CPU
		{7C6CE641-479A-40FE-A8E6-6D7D829C3F1A}.Release|iPhone.Build.0 = Release|Any CPU
		{7C6CE641-479A-40FE-A8E6-6D7D829C3F1A}.Release|iPhone.Deploy.0 = Release|Any CPU
		{7C6CE641-479A-40FE-A8E6-6D7D829C3F1A}.Release|iPhoneSimulator.ActiveCfg = Release|Any CPU
		{7C6CE641-479A-40FE-A8E6-6D7D829C3F1A}.Release|iPhoneSimulator.Build.0 = Release|Any CPU
		{7C6CE641-479A-40FE-A8E6-6D7D829C3F1A}.Release|iPhoneSimulator.Deploy.0 = Release|Any CPU
	EndGlobalSection
	GlobalSection(SolutionProperties) = preSolution
		HideSolutionNode = FALSE
	EndGlobalSection
	GlobalSection(ExtensibilityGlobals) = postSolution
		SolutionGuid = {377D2032-AD05-47EF-AF39-80ECA2367E5E}
	EndGlobalSection
EndGlobal
